PODS:
  - Bolts (1.8.4):
    - Bolts/AppLinks (= 1.8.4)
    - Bolts/Tasks (= 1.8.4)
  - Bolts/AppLinks (1.8.4):
    - Bolts/Tasks
  - Bolts/Tasks (1.8.4)
  - Crashlytics (3.8.3):
    - Fabric (~> 1.6.3)
  - Expecta (1.0.5)
  - Fabric (1.6.11)
  - FBSDKCoreKit (4.17.0):
    - Bolts (~> 1.7)
  - FBSDKLoginKit (4.17.0):
    - FBSDKCoreKit
  - FBSDKShareKit (4.17.0):
    - FBSDKCoreKit
  - JSONModel (1.7.0)
  - Nocilla (0.11.0)
  - OCMock (3.3.1)
  - PopdeemSDK (1.0.8):
    - PopdeemSDK/Core (= 1.0.8)
  - PopdeemSDK/Core (1.0.8):
    - Bolts
    - FBSDKCoreKit
    - FBSDKLoginKit
    - FBSDKShareKit
    - JSONModel
    - Shimmer
    - STTwitter
  - PopdeemSDK/UIKit (1.0.8):
    - PopdeemSDK/Core
  - Reveal-iOS-SDK (1.6.2)
  - Shimmer (1.0.2)
  - STTwitter (0.2.5)

DEPENDENCIES:
  - Bolts
  - Crashlytics
  - Expecta (~> 1.0.0)
  - Fabric
  - FBSDKCoreKit
  - FBSDKLoginKit
  - FBSDKShareKit
  - JSONModel
  - JSONModel (~> 1.7.0)
  - Nocilla
  - OCMock
  - PopdeemSDK (from `../Popdeem-SDK-iOS`)
  - PopdeemSDK/UIKit (from `../Popdeem-SDK-iOS`)
  - Reveal-iOS-SDK
  - Shimmer
  - STTwitter

EXTERNAL SOURCES:
  PopdeemSDK:
    :path: "../Popdeem-SDK-iOS"

SPEC CHECKSUMS:
  Bolts: 8a7995239dbe724f9cba2248b766d48b7ebdd322
  Crashlytics: 2b6dbe138a42395577cfa73dfa1aa7248cadf39e
  Expecta: e1c022fcd33910b6be89c291d2775b3fe27a89fe
  Fabric: 5911403591946b8228ab1c51d98f1d7137e863c6
  FBSDKCoreKit: 30a21d2d7b92984b3d80497113433c00824c35e9
  FBSDKLoginKit: 42b7129ac0373ca99eaf4cbebf4d07bd42371f59
  FBSDKShareKit: 9b573d03fbee36cbaf42d5bb1f2bc019e0d72347
  JSONModel: 840bc0fcffb24b8454d2c026bf26fea454b8e98d
  Nocilla: 7af7a386071150cc8aa5da4da97d060f049dd61c
  OCMock: f3f61e6eaa16038c30caa5798c5e49d3307b6f22
  PopdeemSDK: 5bdcccb33a9dfdf711f357d5e7f3e510ef76af09
  Reveal-iOS-SDK: e2250b3c155bcfac53ae223ddc1f76d08f206c33
  Shimmer: c5374be1c2b0c9e292fb05b339a513cf291cac86
  STTwitter: 5c157e8dcb4f0e4cf5b4374393021b7d7b7fd497

PODFILE CHECKSUM: e80affe079976f3c215d7d06df34e76bb161732d

COCOAPODS: 1.1.1
