PODS:
  - Bolts (1.8.4):
    - Bolts/AppLinks (= 1.8.4)
    - Bolts/Tasks (= 1.8.4)
  - Bolts/AppLinks (1.8.4):
    - Bolts/Tasks
  - Bolts/Tasks (1.8.4)
  - Crashlytics (3.8.4):
    - Fabric (~> 1.6.3)
  - Expecta (1.0.5)
  - Fabric (1.6.11)
  - FBSDKCoreKit (4.22.0):
    - Bolts (~> 1.7)
  - FBSDKLoginKit (4.22.0):
    - FBSDKCoreKit
  - FBSDKShareKit (4.22.0):
    - FBSDKCoreKit
  - JSONModel (1.7.0)
  - Nocilla (0.11.0)
  - OCMock (3.4)
  - PopdeemSDK (1.0.19):
    - PopdeemSDK/Core (= 1.0.19)
  - PopdeemSDK/Core (1.0.19):
    - Bolts
    - FBSDKCoreKit
    - FBSDKLoginKit
    - JSONModel
    - Shimmer
    - STTwitter
  - PopdeemSDK/UIKit (1.0.19):
    - PopdeemSDK/Core
  - Shimmer (1.0.2)
  - STTwitter (0.2.6)

DEPENDENCIES:
  - Bolts
  - Crashlytics
  - Expecta (~> 1.0.0)
  - Fabric
  - FBSDKCoreKit
  - FBSDKLoginKit
  - FBSDKShareKit
  - JSONModel
  - Nocilla
  - OCMock
  - PopdeemSDK (from `../Popdeem-SDK-iOS`)
  - PopdeemSDK/UIKit (from `../Popdeem-SDK-iOS`)
  - Shimmer
  - STTwitter

EXTERNAL SOURCES:
  PopdeemSDK:
    :path: "../Popdeem-SDK-iOS"

SPEC CHECKSUMS:
  Bolts: 8a7995239dbe724f9cba2248b766d48b7ebdd322
  Crashlytics: 79e236942ca1e7fc641df1feb9a275360a78ab6a
  Expecta: e1c022fcd33910b6be89c291d2775b3fe27a89fe
  Fabric: 5911403591946b8228ab1c51d98f1d7137e863c6
  FBSDKCoreKit: c693bad19feb225469eeff14452ba364522ee48b
  FBSDKLoginKit: 1fa529fc622d7b32ebeaffbecd377180833c6d30
  FBSDKShareKit: 21ab3c8d173f4fa20c47c1061f3a9fac5950b5fa
  JSONModel: 840bc0fcffb24b8454d2c026bf26fea454b8e98d
  Nocilla: 7af7a386071150cc8aa5da4da97d060f049dd61c
  OCMock: 35ae71d6a8fcc1b59434d561d1520b9dd4f15765
  PopdeemSDK: 29309a4724a544d0a22faede6ff95a86d08b95b8
  Shimmer: c5374be1c2b0c9e292fb05b339a513cf291cac86
  STTwitter: 30ee2f79eff78c3d633a1edc869e97db9c9ead59

PODFILE CHECKSUM: 8c5a4d585f6ad23775b5ec061a15cd9a1ce68824

COCOAPODS: 1.2.0
