// !$*UTF8*$!
{
	archiveVersion = 1;
	classes = {
	};
	objectVersion = 46;
	objects = {

/* Begin PBXBuildFile section */
		391CE0471BFDF8A100868532 /* UserTests.m in Sources */ = {isa = PBXBuildFile; fileRef = 391CE0461BFDF8A100868532 /* UserTests.m */; };
		391CE0491BFE080D00868532 /* UserAPIServiceTests.m in Sources */ = {isa = PBXBuildFile; fileRef = 391CE0481BFE080D00868532 /* UserAPIServiceTests.m */; };
		391CE04D1BFE0E4700868532 /* libPopdeemSDK.a in Frameworks */ = {isa = PBXBuildFile; fileRef = 39D7D0651B8F0DCF00E45D0B /* libPopdeemSDK.a */; };
		391CE04F1BFF274600868532 /* APIServiceTests.m in Sources */ = {isa = PBXBuildFile; fileRef = 391CE04E1BFF274600868532 /* APIServiceTests.m */; };
		391CE0511BFF27CD00868532 /* SocialAPIServiceTests.m in Sources */ = {isa = PBXBuildFile; fileRef = 391CE0501BFF27CD00868532 /* SocialAPIServiceTests.m */; };
		391CE0531BFF29E800868532 /* LocationAPIServiceTests.m in Sources */ = {isa = PBXBuildFile; fileRef = 391CE0521BFF29E800868532 /* LocationAPIServiceTests.m */; };
		391CE0571BFF332E00868532 /* BrandAPIServiceTests.m in Sources */ = {isa = PBXBuildFile; fileRef = 391CE0561BFF332E00868532 /* BrandAPIServiceTests.m */; };
		391CE05B1BFF360300868532 /* RewardAPIServiceTests.m in Sources */ = {isa = PBXBuildFile; fileRef = 391CE05A1BFF360300868532 /* RewardAPIServiceTests.m */; };
		391CE05F1BFF427400868532 /* WalletAPIServiceTests.m in Sources */ = {isa = PBXBuildFile; fileRef = 391CE05E1BFF427400868532 /* WalletAPIServiceTests.m */; };
		391CE0611BFF466200868532 /* FeedAPIServiceTests.m in Sources */ = {isa = PBXBuildFile; fileRef = 391CE0601BFF466200868532 /* FeedAPIServiceTests.m */; };
		391CE0691BFF468400868532 /* Brand.json in Resources */ = {isa = PBXBuildFile; fileRef = 391CE0621BFF468400868532 /* Brand.json */; };
		391CE06A1BFF468400868532 /* Brands.json in Resources */ = {isa = PBXBuildFile; fileRef = 391CE0631BFF468400868532 /* Brands.json */; };
		391CE06B1BFF468400868532 /* Location.json in Resources */ = {isa = PBXBuildFile; fileRef = 391CE0641BFF468400868532 /* Location.json */; };
		391CE06C1BFF468400868532 /* Locations.json in Resources */ = {isa = PBXBuildFile; fileRef = 391CE0651BFF468400868532 /* Locations.json */; };
		391CE06D1BFF468400868532 /* PDFeedItem_WithPicture.json in Resources */ = {isa = PBXBuildFile; fileRef = 391CE0661BFF468400868532 /* PDFeedItem_WithPicture.json */; };
		391CE06E1BFF468400868532 /* Reward.json in Resources */ = {isa = PBXBuildFile; fileRef = 391CE0671BFF468400868532 /* Reward.json */; };
		391CE06F1BFF468400868532 /* Rewards.json in Resources */ = {isa = PBXBuildFile; fileRef = 391CE0681BFF468400868532 /* Rewards.json */; };
		395706121BFC8BFF0027B3A4 /* PDNetworkError.m in Sources */ = {isa = PBXBuildFile; fileRef = 395706101BFC8BFF0027B3A4 /* PDNetworkError.m */; };
		396EFFFA1BDA6C3300C0BAC7 /* PDRewardCustomAvailability.m in Sources */ = {isa = PBXBuildFile; fileRef = 396EFFF91BDA6C3300C0BAC7 /* PDRewardCustomAvailability.m */; };
		397478EE1B8F16480015C661 /* PDWallet.m in Sources */ = {isa = PBXBuildFile; fileRef = 397478ED1B8F16480015C661 /* PDWallet.m */; };
		397478F11B8F16530015C661 /* PopdeemSDK.m in Sources */ = {isa = PBXBuildFile; fileRef = 397478EF1B8F16530015C661 /* PopdeemSDK.m */; };
		397478F71B8F16600015C661 /* PDUser.m in Sources */ = {isa = PBXBuildFile; fileRef = 397478F21B8F16600015C661 /* PDUser.m */; };
		397478F81B8F16600015C661 /* PDUser+Facebook.m in Sources */ = {isa = PBXBuildFile; fileRef = 397478F31B8F16600015C661 /* PDUser+Facebook.m */; };
		397478F91B8F16600015C661 /* PDUserFacebookParams.m in Sources */ = {isa = PBXBuildFile; fileRef = 397478F61B8F16600015C661 /* PDUserFacebookParams.m */; };
		397478FC1B8F16730015C661 /* PDUtils.m in Sources */ = {isa = PBXBuildFile; fileRef = 397478FA1B8F16730015C661 /* PDUtils.m */; };
		397479041B8F167D0015C661 /* PDScores.m in Sources */ = {isa = PBXBuildFile; fileRef = 397478FE1B8F167D0015C661 /* PDScores.m */; };
		397479051B8F167E0015C661 /* PDRewardStore.m in Sources */ = {isa = PBXBuildFile; fileRef = 397479011B8F167D0015C661 /* PDRewardStore.m */; };
		397479061B8F167E0015C661 /* PDSocialMediaFriend.m in Sources */ = {isa = PBXBuildFile; fileRef = 397479031B8F167D0015C661 /* PDSocialMediaFriend.m */; };
		3974790F1B8F16860015C661 /* PDOpeningHoursWeek.m in Sources */ = {isa = PBXBuildFile; fileRef = 397479091B8F16860015C661 /* PDOpeningHoursWeek.m */; };
		397479101B8F16860015C661 /* PDReward.m in Sources */ = {isa = PBXBuildFile; fileRef = 3974790B1B8F16860015C661 /* PDReward.m */; };
		397479111B8F16860015C661 /* PDOpeningHoursDay.m in Sources */ = {isa = PBXBuildFile; fileRef = 3974790C1B8F16860015C661 /* PDOpeningHoursDay.m */; };
		397479191B8F16900015C661 /* PDLocationStore.m in Sources */ = {isa = PBXBuildFile; fileRef = 397479121B8F16900015C661 /* PDLocationStore.m */; };
		3974791A1B8F16900015C661 /* PDFeeds.m in Sources */ = {isa = PBXBuildFile; fileRef = 397479151B8F16900015C661 /* PDFeeds.m */; };
		3974791B1B8F16900015C661 /* PDLocation.m in Sources */ = {isa = PBXBuildFile; fileRef = 397479161B8F16900015C661 /* PDLocation.m */; };
		3974791E1B8F16980015C661 /* PDBrandStore.m in Sources */ = {isa = PBXBuildFile; fileRef = 3974791C1B8F16980015C661 /* PDBrandStore.m */; };
		397479221B8F16A40015C661 /* PDConstants.m in Sources */ = {isa = PBXBuildFile; fileRef = 397479211B8F16A40015C661 /* PDConstants.m */; };
		397479271B8F16AE0015C661 /* PDBrand.m in Sources */ = {isa = PBXBuildFile; fileRef = 397479241B8F16AE0015C661 /* PDBrand.m */; };
		397479281B8F16AE0015C661 /* PDFeedItem.m in Sources */ = {isa = PBXBuildFile; fileRef = 397479251B8F16AE0015C661 /* PDFeedItem.m */; };
		3974792B1B8F16B50015C661 /* PDAPIClient.m in Sources */ = {isa = PBXBuildFile; fileRef = 3974792A1B8F16B50015C661 /* PDAPIClient.m */; };
		3974792F1B8F1FC50015C661 /* PDGeolocationManager.m in Sources */ = {isa = PBXBuildFile; fileRef = 3974792E1B8F1FC50015C661 /* PDGeolocationManager.m */; };
		39A772DA1BECB930007ED334 /* libPods-PopdeemSDK.a in Frameworks */ = {isa = PBXBuildFile; fileRef = 39A772D91BECB930007ED334 /* libPods-PopdeemSDK.a */; };
		39A772E31BECBE84007ED334 /* PDReferral.m in Sources */ = {isa = PBXBuildFile; fileRef = 39A772E21BECBE84007ED334 /* PDReferral.m */; };
		39AE13B01BC092450026F466 /* PDUserTwitterParams.m in Sources */ = {isa = PBXBuildFile; fileRef = 39AE13AF1BC092450026F466 /* PDUserTwitterParams.m */; };
		39C39A151BC52659007794D7 /* PDFacebookLoginButton.m in Sources */ = {isa = PBXBuildFile; fileRef = 39C39A141BC52659007794D7 /* PDFacebookLoginButton.m */; };
		39DDF0981BB93BE600D779E6 /* PDSocialMediaManager.m in Sources */ = {isa = PBXBuildFile; fileRef = 39DDF0971BB93BE600D779E6 /* PDSocialMediaManager.m */; };
		39EF927B1B8F125400D16F18 /* BrandTests.m in Sources */ = {isa = PBXBuildFile; fileRef = 39EF92781B8F125400D16F18 /* BrandTests.m */; };
		39EF927C1B8F125400D16F18 /* FeedItemTests.m in Sources */ = {isa = PBXBuildFile; fileRef = 39EF92791B8F125400D16F18 /* FeedItemTests.m */; };
		39EF92851B8F125D00D16F18 /* LocationTests.m in Sources */ = {isa = PBXBuildFile; fileRef = 39EF927E1B8F125D00D16F18 /* LocationTests.m */; };
		39EF92871B8F125D00D16F18 /* PopdeemSDKTests.m in Sources */ = {isa = PBXBuildFile; fileRef = 39EF92801B8F125D00D16F18 /* PopdeemSDKTests.m */; };
		39EF92891B8F125D00D16F18 /* RewardTests.m in Sources */ = {isa = PBXBuildFile; fileRef = 39EF92821B8F125D00D16F18 /* RewardTests.m */; };
		39EF928D1B8F126F00D16F18 /* User.json in Resources */ = {isa = PBXBuildFile; fileRef = 39EF928C1B8F126F00D16F18 /* User.json */; };
		39F513EB1BEA19A80027EC62 /* PDUserAPIService.m in Sources */ = {isa = PBXBuildFile; fileRef = 39F513EA1BEA19A80027EC62 /* PDUserAPIService.m */; };
		39F513F71BEA521B0027EC62 /* NSURLSession+Popdeem.m in Sources */ = {isa = PBXBuildFile; fileRef = 39F513F61BEA521B0027EC62 /* NSURLSession+Popdeem.m */; };
		39F513FA1BEA574E0027EC62 /* PDSocialAPIService.m in Sources */ = {isa = PBXBuildFile; fileRef = 39F513F91BEA574D0027EC62 /* PDSocialAPIService.m */; };
		39F513FD1BEA5EC90027EC62 /* PDLocationAPIService.m in Sources */ = {isa = PBXBuildFile; fileRef = 39F513FC1BEA5EC90027EC62 /* PDLocationAPIService.m */; };
		39F514001BEA60C10027EC62 /* PDAPIService.m in Sources */ = {isa = PBXBuildFile; fileRef = 39F513FF1BEA60C10027EC62 /* PDAPIService.m */; };
		39F514031BEA64F60027EC62 /* PDBrandApiService.m in Sources */ = {isa = PBXBuildFile; fileRef = 39F514021BEA64F60027EC62 /* PDBrandApiService.m */; };
		39F514061BEA671D0027EC62 /* PDRewardAPIService.m in Sources */ = {isa = PBXBuildFile; fileRef = 39F514051BEA671D0027EC62 /* PDRewardAPIService.m */; };
		39F514091BEA70330027EC62 /* PDWalletAPIService.m in Sources */ = {isa = PBXBuildFile; fileRef = 39F514081BEA70330027EC62 /* PDWalletAPIService.m */; };
		39F5140C1BEA71650027EC62 /* PDRewardActionAPIService.m in Sources */ = {isa = PBXBuildFile; fileRef = 39F5140B1BEA71650027EC62 /* PDRewardActionAPIService.m */; };
		39F5140F1BEA745D0027EC62 /* PDFeedAPIService.m in Sources */ = {isa = PBXBuildFile; fileRef = 39F5140E1BEA745D0027EC62 /* PDFeedAPIService.m */; };
		63F4E9B168ED4C923CDFADFB /* Feeds.json in Resources */ = {isa = PBXBuildFile; fileRef = 63F4E1F058416F172D304096 /* Feeds.json */; };
/* End PBXBuildFile section */

/* Begin PBXContainerItemProxy section */
		39D7D0721B8F0DCF00E45D0B /* PBXContainerItemProxy */ = {
			isa = PBXContainerItemProxy;
			containerPortal = 39D7D05D1B8F0DCF00E45D0B /* Project object */;
			proxyType = 1;
			remoteGlobalIDString = 39D7D0641B8F0DCF00E45D0B;
			remoteInfo = PopdeemSDK;
		};
/* End PBXContainerItemProxy section */

/* Begin PBXCopyFilesBuildPhase section */
		39D7D0631B8F0DCF00E45D0B /* CopyFiles */ = {
			isa = PBXCopyFilesBuildPhase;
			buildActionMask = 2147483647;
			dstPath = "include/$(PRODUCT_NAME)";
			dstSubfolderSpec = 16;
			files = (
			);
			runOnlyForDeploymentPostprocessing = 0;
		};
/* End PBXCopyFilesBuildPhase section */

/* Begin PBXFileReference section */
		391CE0461BFDF8A100868532 /* UserTests.m */ = {isa = PBXFileReference; fileEncoding = 4; lastKnownFileType = sourcecode.c.objc; path = UserTests.m; sourceTree = "<group>"; };
		391CE0481BFE080D00868532 /* UserAPIServiceTests.m */ = {isa = PBXFileReference; fileEncoding = 4; lastKnownFileType = sourcecode.c.objc; path = UserAPIServiceTests.m; sourceTree = "<group>"; };
		391CE04E1BFF274600868532 /* APIServiceTests.m */ = {isa = PBXFileReference; fileEncoding = 4; lastKnownFileType = sourcecode.c.objc; path = APIServiceTests.m; sourceTree = "<group>"; };
		391CE0501BFF27CD00868532 /* SocialAPIServiceTests.m */ = {isa = PBXFileReference; fileEncoding = 4; lastKnownFileType = sourcecode.c.objc; path = SocialAPIServiceTests.m; sourceTree = "<group>"; };
		391CE0521BFF29E800868532 /* LocationAPIServiceTests.m */ = {isa = PBXFileReference; fileEncoding = 4; lastKnownFileType = sourcecode.c.objc; path = LocationAPIServiceTests.m; sourceTree = "<group>"; };
		391CE0561BFF332E00868532 /* BrandAPIServiceTests.m */ = {isa = PBXFileReference; fileEncoding = 4; lastKnownFileType = sourcecode.c.objc; path = BrandAPIServiceTests.m; sourceTree = "<group>"; };
		391CE05A1BFF360300868532 /* RewardAPIServiceTests.m */ = {isa = PBXFileReference; fileEncoding = 4; lastKnownFileType = sourcecode.c.objc; path = RewardAPIServiceTests.m; sourceTree = "<group>"; };
		391CE05E1BFF427400868532 /* WalletAPIServiceTests.m */ = {isa = PBXFileReference; fileEncoding = 4; lastKnownFileType = sourcecode.c.objc; path = WalletAPIServiceTests.m; sourceTree = "<group>"; };
		391CE0601BFF466200868532 /* FeedAPIServiceTests.m */ = {isa = PBXFileReference; fileEncoding = 4; lastKnownFileType = sourcecode.c.objc; path = FeedAPIServiceTests.m; sourceTree = "<group>"; };
		391CE0621BFF468400868532 /* Brand.json */ = {isa = PBXFileReference; fileEncoding = 4; lastKnownFileType = text.json; name = Brand.json; path = JSON/Brand.json; sourceTree = "<group>"; };
		391CE0631BFF468400868532 /* Brands.json */ = {isa = PBXFileReference; fileEncoding = 4; lastKnownFileType = text.json; name = Brands.json; path = JSON/Brands.json; sourceTree = "<group>"; };
		391CE0641BFF468400868532 /* Location.json */ = {isa = PBXFileReference; fileEncoding = 4; lastKnownFileType = text.json; name = Location.json; path = JSON/Location.json; sourceTree = "<group>"; };
		391CE0651BFF468400868532 /* Locations.json */ = {isa = PBXFileReference; fileEncoding = 4; lastKnownFileType = text.json; name = Locations.json; path = JSON/Locations.json; sourceTree = "<group>"; };
		391CE0661BFF468400868532 /* PDFeedItem_WithPicture.json */ = {isa = PBXFileReference; fileEncoding = 4; lastKnownFileType = text.json; name = PDFeedItem_WithPicture.json; path = JSON/PDFeedItem_WithPicture.json; sourceTree = "<group>"; };
		391CE0671BFF468400868532 /* Reward.json */ = {isa = PBXFileReference; fileEncoding = 4; lastKnownFileType = text.json; name = Reward.json; path = JSON/Reward.json; sourceTree = "<group>"; };
		391CE0681BFF468400868532 /* Rewards.json */ = {isa = PBXFileReference; fileEncoding = 4; lastKnownFileType = text.json; name = Rewards.json; path = JSON/Rewards.json; sourceTree = "<group>"; };
		3951C8DA1BDBD22400A5C6B7 /* libPods-PopdeemSDK.a */ = {isa = PBXFileReference; lastKnownFileType = archive.ar; name = "libPods-PopdeemSDK.a"; path = "Pods/../build/Debug-iphoneos/libPods-PopdeemSDK.a"; sourceTree = "<group>"; };
		3951C8DC1BDBD27B00A5C6B7 /* libJSONModel.a */ = {isa = PBXFileReference; lastKnownFileType = archive.ar; name = libJSONModel.a; path = "Pods/../build/Debug-iphoneos/libJSONModel.a"; sourceTree = "<group>"; };
		3951C8DE1BDBD29500A5C6B7 /* libPods-PopdeemSDK.a */ = {isa = PBXFileReference; lastKnownFileType = archive.ar; name = "libPods-PopdeemSDK.a"; path = "Pods/../build/Debug-iphoneos/libPods-PopdeemSDK.a"; sourceTree = "<group>"; };
		395706101BFC8BFF0027B3A4 /* PDNetworkError.m */ = {isa = PBXFileReference; fileEncoding = 4; lastKnownFileType = sourcecode.c.objc; path = PDNetworkError.m; sourceTree = "<group>"; };
		395706111BFC8BFF0027B3A4 /* PDNetworkError.h */ = {isa = PBXFileReference; fileEncoding = 4; lastKnownFileType = sourcecode.c.h; path = PDNetworkError.h; sourceTree = "<group>"; };
		396B2B401BFCC262003D9F25 /* info.plist */ = {isa = PBXFileReference; fileEncoding = 4; lastKnownFileType = text.plist.xml; path = info.plist; sourceTree = "<group>"; };
		396EFFF81BDA6C3300C0BAC7 /* PDRewardCustomAvailability.h */ = {isa = PBXFileReference; fileEncoding = 4; lastKnownFileType = sourcecode.c.h; path = PDRewardCustomAvailability.h; sourceTree = "<group>"; };
		396EFFF91BDA6C3300C0BAC7 /* PDRewardCustomAvailability.m */ = {isa = PBXFileReference; fileEncoding = 4; lastKnownFileType = sourcecode.c.objc; path = PDRewardCustomAvailability.m; sourceTree = "<group>"; };
		397478EC1B8F16480015C661 /* PDWallet.h */ = {isa = PBXFileReference; fileEncoding = 4; lastKnownFileType = sourcecode.c.h; path = PDWallet.h; sourceTree = "<group>"; };
		397478ED1B8F16480015C661 /* PDWallet.m */ = {isa = PBXFileReference; fileEncoding = 4; lastKnownFileType = sourcecode.c.objc; path = PDWallet.m; sourceTree = "<group>"; };
		397478EF1B8F16530015C661 /* PopdeemSDK.m */ = {isa = PBXFileReference; fileEncoding = 4; lastKnownFileType = sourcecode.c.objc; path = PopdeemSDK.m; sourceTree = "<group>"; };
		397478F01B8F16530015C661 /* PopdeemSDK.h */ = {isa = PBXFileReference; fileEncoding = 4; lastKnownFileType = sourcecode.c.h; path = PopdeemSDK.h; sourceTree = "<group>"; };
		397478F21B8F16600015C661 /* PDUser.m */ = {isa = PBXFileReference; fileEncoding = 4; lastKnownFileType = sourcecode.c.objc; path = PDUser.m; sourceTree = "<group>"; };
		397478F31B8F16600015C661 /* PDUser+Facebook.m */ = {isa = PBXFileReference; fileEncoding = 4; lastKnownFileType = sourcecode.c.objc; path = "PDUser+Facebook.m"; sourceTree = "<group>"; };
		397478F41B8F16600015C661 /* PDUserFacebookParams.h */ = {isa = PBXFileReference; fileEncoding = 4; lastKnownFileType = sourcecode.c.h; path = PDUserFacebookParams.h; sourceTree = "<group>"; };
		397478F51B8F16600015C661 /* PDUser+Facebook.h */ = {isa = PBXFileReference; fileEncoding = 4; lastKnownFileType = sourcecode.c.h; path = "PDUser+Facebook.h"; sourceTree = "<group>"; };
		397478F61B8F16600015C661 /* PDUserFacebookParams.m */ = {isa = PBXFileReference; fileEncoding = 4; lastKnownFileType = sourcecode.c.objc; path = PDUserFacebookParams.m; sourceTree = "<group>"; };
		397478FA1B8F16730015C661 /* PDUtils.m */ = {isa = PBXFileReference; fileEncoding = 4; lastKnownFileType = sourcecode.c.objc; path = PDUtils.m; sourceTree = "<group>"; };
		397478FB1B8F16730015C661 /* PDUtils.h */ = {isa = PBXFileReference; fileEncoding = 4; lastKnownFileType = sourcecode.c.h; path = PDUtils.h; sourceTree = "<group>"; };
		397478FD1B8F167D0015C661 /* PDUser.h */ = {isa = PBXFileReference; fileEncoding = 4; lastKnownFileType = sourcecode.c.h; path = PDUser.h; sourceTree = "<group>"; };
		397478FE1B8F167D0015C661 /* PDScores.m */ = {isa = PBXFileReference; fileEncoding = 4; lastKnownFileType = sourcecode.c.objc; path = PDScores.m; sourceTree = "<group>"; };
		397478FF1B8F167D0015C661 /* PDRewardStore.h */ = {isa = PBXFileReference; fileEncoding = 4; lastKnownFileType = sourcecode.c.h; path = PDRewardStore.h; sourceTree = "<group>"; };
		397479001B8F167D0015C661 /* PDScores.h */ = {isa = PBXFileReference; fileEncoding = 4; lastKnownFileType = sourcecode.c.h; path = PDScores.h; sourceTree = "<group>"; };
		397479011B8F167D0015C661 /* PDRewardStore.m */ = {isa = PBXFileReference; fileEncoding = 4; lastKnownFileType = sourcecode.c.objc; path = PDRewardStore.m; sourceTree = "<group>"; };
		397479021B8F167D0015C661 /* PDSocialMediaFriend.h */ = {isa = PBXFileReference; fileEncoding = 4; lastKnownFileType = sourcecode.c.h; path = PDSocialMediaFriend.h; sourceTree = "<group>"; };
		397479031B8F167D0015C661 /* PDSocialMediaFriend.m */ = {isa = PBXFileReference; fileEncoding = 4; lastKnownFileType = sourcecode.c.objc; path = PDSocialMediaFriend.m; sourceTree = "<group>"; };
		397479081B8F16860015C661 /* PDReward.h */ = {isa = PBXFileReference; fileEncoding = 4; lastKnownFileType = sourcecode.c.h; path = PDReward.h; sourceTree = "<group>"; };
		397479091B8F16860015C661 /* PDOpeningHoursWeek.m */ = {isa = PBXFileReference; fileEncoding = 4; lastKnownFileType = sourcecode.c.objc; path = PDOpeningHoursWeek.m; sourceTree = "<group>"; };
		3974790B1B8F16860015C661 /* PDReward.m */ = {isa = PBXFileReference; fileEncoding = 4; lastKnownFileType = sourcecode.c.objc; path = PDReward.m; sourceTree = "<group>"; };
		3974790C1B8F16860015C661 /* PDOpeningHoursDay.m */ = {isa = PBXFileReference; fileEncoding = 4; lastKnownFileType = sourcecode.c.objc; path = PDOpeningHoursDay.m; sourceTree = "<group>"; };
		3974790D1B8F16860015C661 /* PDOpeningHoursWeek.h */ = {isa = PBXFileReference; fileEncoding = 4; lastKnownFileType = sourcecode.c.h; path = PDOpeningHoursWeek.h; sourceTree = "<group>"; };
		397479121B8F16900015C661 /* PDLocationStore.m */ = {isa = PBXFileReference; fileEncoding = 4; lastKnownFileType = sourcecode.c.objc; path = PDLocationStore.m; sourceTree = "<group>"; };
		397479131B8F16900015C661 /* PDOpeningHoursDay.h */ = {isa = PBXFileReference; fileEncoding = 4; lastKnownFileType = sourcecode.c.h; path = PDOpeningHoursDay.h; sourceTree = "<group>"; };
		397479141B8F16900015C661 /* PDFeeds.h */ = {isa = PBXFileReference; fileEncoding = 4; lastKnownFileType = sourcecode.c.h; path = PDFeeds.h; sourceTree = "<group>"; };
		397479151B8F16900015C661 /* PDFeeds.m */ = {isa = PBXFileReference; fileEncoding = 4; lastKnownFileType = sourcecode.c.objc; path = PDFeeds.m; sourceTree = "<group>"; };
		397479161B8F16900015C661 /* PDLocation.m */ = {isa = PBXFileReference; fileEncoding = 4; lastKnownFileType = sourcecode.c.objc; path = PDLocation.m; sourceTree = "<group>"; };
		397479171B8F16900015C661 /* PDLocationStore.h */ = {isa = PBXFileReference; fileEncoding = 4; lastKnownFileType = sourcecode.c.h; path = PDLocationStore.h; sourceTree = "<group>"; };
		397479181B8F16900015C661 /* PDLocation.h */ = {isa = PBXFileReference; fileEncoding = 4; lastKnownFileType = sourcecode.c.h; path = PDLocation.h; sourceTree = "<group>"; };
		3974791C1B8F16980015C661 /* PDBrandStore.m */ = {isa = PBXFileReference; fileEncoding = 4; lastKnownFileType = sourcecode.c.objc; path = PDBrandStore.m; sourceTree = "<group>"; };
		3974791D1B8F16980015C661 /* PDBrandStore.h */ = {isa = PBXFileReference; fileEncoding = 4; lastKnownFileType = sourcecode.c.h; path = PDBrandStore.h; sourceTree = "<group>"; };
		3974791F1B8F16A40015C661 /* PDConstants.h */ = {isa = PBXFileReference; fileEncoding = 4; lastKnownFileType = sourcecode.c.h; path = PDConstants.h; sourceTree = "<group>"; };
		397479201B8F16A40015C661 /* PDCommon.h */ = {isa = PBXFileReference; fileEncoding = 4; lastKnownFileType = sourcecode.c.h; path = PDCommon.h; sourceTree = "<group>"; };
		397479211B8F16A40015C661 /* PDConstants.m */ = {isa = PBXFileReference; fileEncoding = 4; lastKnownFileType = sourcecode.c.objc; path = PDConstants.m; sourceTree = "<group>"; };
		397479231B8F16AE0015C661 /* PDBrand.h */ = {isa = PBXFileReference; fileEncoding = 4; lastKnownFileType = sourcecode.c.h; path = PDBrand.h; sourceTree = "<group>"; };
		397479241B8F16AE0015C661 /* PDBrand.m */ = {isa = PBXFileReference; fileEncoding = 4; lastKnownFileType = sourcecode.c.objc; path = PDBrand.m; sourceTree = "<group>"; };
		397479251B8F16AE0015C661 /* PDFeedItem.m */ = {isa = PBXFileReference; fileEncoding = 4; lastKnownFileType = sourcecode.c.objc; path = PDFeedItem.m; sourceTree = "<group>"; };
		397479261B8F16AE0015C661 /* PDFeedItem.h */ = {isa = PBXFileReference; fileEncoding = 4; lastKnownFileType = sourcecode.c.h; path = PDFeedItem.h; sourceTree = "<group>"; };
		397479291B8F16B50015C661 /* PDAPIClient.h */ = {isa = PBXFileReference; fileEncoding = 4; lastKnownFileType = sourcecode.c.h; path = PDAPIClient.h; sourceTree = "<group>"; };
		3974792A1B8F16B50015C661 /* PDAPIClient.m */ = {isa = PBXFileReference; fileEncoding = 4; lastKnownFileType = sourcecode.c.objc; path = PDAPIClient.m; sourceTree = "<group>"; };
		3974792D1B8F1FC50015C661 /* PDGeolocationManager.h */ = {isa = PBXFileReference; fileEncoding = 4; lastKnownFileType = sourcecode.c.h; path = PDGeolocationManager.h; sourceTree = "<group>"; };
		3974792E1B8F1FC50015C661 /* PDGeolocationManager.m */ = {isa = PBXFileReference; fileEncoding = 4; lastKnownFileType = sourcecode.c.objc; path = PDGeolocationManager.m; sourceTree = "<group>"; };
		39A772D91BECB930007ED334 /* libPods-PopdeemSDK.a */ = {isa = PBXFileReference; lastKnownFileType = archive.ar; name = "libPods-PopdeemSDK.a"; path = "Pods/../build/Debug-iphoneos/libPods-PopdeemSDK.a"; sourceTree = "<group>"; };
		39A772DB1BECB941007ED334 /* libPods-PopdeemSDKTests.a */ = {isa = PBXFileReference; lastKnownFileType = archive.ar; name = "libPods-PopdeemSDKTests.a"; path = "Pods/../build/Debug-iphoneos/libPods-PopdeemSDKTests.a"; sourceTree = "<group>"; };
		39A772E11BECBE84007ED334 /* PDReferral.h */ = {isa = PBXFileReference; fileEncoding = 4; lastKnownFileType = sourcecode.c.h; path = PDReferral.h; sourceTree = "<group>"; };
		39A772E21BECBE84007ED334 /* PDReferral.m */ = {isa = PBXFileReference; fileEncoding = 4; lastKnownFileType = sourcecode.c.objc; path = PDReferral.m; sourceTree = "<group>"; };
		39AE13AE1BC092450026F466 /* PDUserTwitterParams.h */ = {isa = PBXFileReference; fileEncoding = 4; lastKnownFileType = sourcecode.c.h; path = PDUserTwitterParams.h; sourceTree = "<group>"; };
		39AE13AF1BC092450026F466 /* PDUserTwitterParams.m */ = {isa = PBXFileReference; fileEncoding = 4; lastKnownFileType = sourcecode.c.objc; path = PDUserTwitterParams.m; sourceTree = "<group>"; };
		39C39A131BC52659007794D7 /* PDFacebookLoginButton.h */ = {isa = PBXFileReference; fileEncoding = 4; lastKnownFileType = sourcecode.c.h; path = PDFacebookLoginButton.h; sourceTree = "<group>"; };
		39C39A141BC52659007794D7 /* PDFacebookLoginButton.m */ = {isa = PBXFileReference; fileEncoding = 4; lastKnownFileType = sourcecode.c.objc; path = PDFacebookLoginButton.m; sourceTree = "<group>"; };
		39D7D0651B8F0DCF00E45D0B /* libPopdeemSDK.a */ = {isa = PBXFileReference; explicitFileType = archive.ar; includeInIndex = 0; path = libPopdeemSDK.a; sourceTree = BUILT_PRODUCTS_DIR; };
		39D7D0701B8F0DCF00E45D0B /* PopdeemSDKTests.xctest */ = {isa = PBXFileReference; explicitFileType = wrapper.cfbundle; includeInIndex = 0; path = PopdeemSDKTests.xctest; sourceTree = BUILT_PRODUCTS_DIR; };
		39D7D0761B8F0DCF00E45D0B /* Info.plist */ = {isa = PBXFileReference; lastKnownFileType = text.plist.xml; path = Info.plist; sourceTree = "<group>"; };
		39DDF0961BB93BE600D779E6 /* PDSocialMediaManager.h */ = {isa = PBXFileReference; fileEncoding = 4; lastKnownFileType = sourcecode.c.h; path = PDSocialMediaManager.h; sourceTree = "<group>"; };
		39DDF0971BB93BE600D779E6 /* PDSocialMediaManager.m */ = {isa = PBXFileReference; fileEncoding = 4; lastKnownFileType = sourcecode.c.objc; path = PDSocialMediaManager.m; sourceTree = "<group>"; };
		39EF92781B8F125400D16F18 /* BrandTests.m */ = {isa = PBXFileReference; fileEncoding = 4; lastKnownFileType = sourcecode.c.objc; path = BrandTests.m; sourceTree = "<group>"; };
		39EF92791B8F125400D16F18 /* FeedItemTests.m */ = {isa = PBXFileReference; fileEncoding = 4; lastKnownFileType = sourcecode.c.objc; path = FeedItemTests.m; sourceTree = "<group>"; };
		39EF927E1B8F125D00D16F18 /* LocationTests.m */ = {isa = PBXFileReference; fileEncoding = 4; lastKnownFileType = sourcecode.c.objc; path = LocationTests.m; sourceTree = "<group>"; };
		39EF92801B8F125D00D16F18 /* PopdeemSDKTests.m */ = {isa = PBXFileReference; fileEncoding = 4; lastKnownFileType = sourcecode.c.objc; path = PopdeemSDKTests.m; sourceTree = "<group>"; };
		39EF92821B8F125D00D16F18 /* RewardTests.m */ = {isa = PBXFileReference; fileEncoding = 4; lastKnownFileType = sourcecode.c.objc; path = RewardTests.m; sourceTree = "<group>"; };
		39EF928C1B8F126F00D16F18 /* User.json */ = {isa = PBXFileReference; fileEncoding = 4; lastKnownFileType = text.json; name = User.json; path = JSON/User.json; sourceTree = "<group>"; };
		39F513E91BEA19A80027EC62 /* PDUserAPIService.h */ = {isa = PBXFileReference; fileEncoding = 4; lastKnownFileType = sourcecode.c.h; path = PDUserAPIService.h; sourceTree = "<group>"; };
		39F513EA1BEA19A80027EC62 /* PDUserAPIService.m */ = {isa = PBXFileReference; fileEncoding = 4; lastKnownFileType = sourcecode.c.objc; path = PDUserAPIService.m; sourceTree = "<group>"; };
		39F513F51BEA521B0027EC62 /* NSURLSession+Popdeem.h */ = {isa = PBXFileReference; fileEncoding = 4; lastKnownFileType = sourcecode.c.h; path = "NSURLSession+Popdeem.h"; sourceTree = "<group>"; };
		39F513F61BEA521B0027EC62 /* NSURLSession+Popdeem.m */ = {isa = PBXFileReference; fileEncoding = 4; lastKnownFileType = sourcecode.c.objc; path = "NSURLSession+Popdeem.m"; sourceTree = "<group>"; };
		39F513F81BEA574D0027EC62 /* PDSocialAPIService.h */ = {isa = PBXFileReference; fileEncoding = 4; lastKnownFileType = sourcecode.c.h; path = PDSocialAPIService.h; sourceTree = "<group>"; };
		39F513F91BEA574D0027EC62 /* PDSocialAPIService.m */ = {isa = PBXFileReference; fileEncoding = 4; lastKnownFileType = sourcecode.c.objc; path = PDSocialAPIService.m; sourceTree = "<group>"; };
		39F513FB1BEA5EC90027EC62 /* PDLocationAPIService.h */ = {isa = PBXFileReference; fileEncoding = 4; lastKnownFileType = sourcecode.c.h; path = PDLocationAPIService.h; sourceTree = "<group>"; };
		39F513FC1BEA5EC90027EC62 /* PDLocationAPIService.m */ = {isa = PBXFileReference; fileEncoding = 4; lastKnownFileType = sourcecode.c.objc; path = PDLocationAPIService.m; sourceTree = "<group>"; };
		39F513FE1BEA60C10027EC62 /* PDAPIService.h */ = {isa = PBXFileReference; fileEncoding = 4; lastKnownFileType = sourcecode.c.h; path = PDAPIService.h; sourceTree = "<group>"; };
		39F513FF1BEA60C10027EC62 /* PDAPIService.m */ = {isa = PBXFileReference; fileEncoding = 4; lastKnownFileType = sourcecode.c.objc; path = PDAPIService.m; sourceTree = "<group>"; };
		39F514011BEA64F60027EC62 /* PDBrandApiService.h */ = {isa = PBXFileReference; fileEncoding = 4; lastKnownFileType = sourcecode.c.h; path = PDBrandApiService.h; sourceTree = "<group>"; };
		39F514021BEA64F60027EC62 /* PDBrandApiService.m */ = {isa = PBXFileReference; fileEncoding = 4; lastKnownFileType = sourcecode.c.objc; path = PDBrandApiService.m; sourceTree = "<group>"; };
		39F514041BEA671D0027EC62 /* PDRewardAPIService.h */ = {isa = PBXFileReference; fileEncoding = 4; lastKnownFileType = sourcecode.c.h; path = PDRewardAPIService.h; sourceTree = "<group>"; };
		39F514051BEA671D0027EC62 /* PDRewardAPIService.m */ = {isa = PBXFileReference; fileEncoding = 4; lastKnownFileType = sourcecode.c.objc; path = PDRewardAPIService.m; sourceTree = "<group>"; };
		39F514071BEA70330027EC62 /* PDWalletAPIService.h */ = {isa = PBXFileReference; fileEncoding = 4; lastKnownFileType = sourcecode.c.h; path = PDWalletAPIService.h; sourceTree = "<group>"; };
		39F514081BEA70330027EC62 /* PDWalletAPIService.m */ = {isa = PBXFileReference; fileEncoding = 4; lastKnownFileType = sourcecode.c.objc; path = PDWalletAPIService.m; sourceTree = "<group>"; };
		39F5140A1BEA71650027EC62 /* PDRewardActionAPIService.h */ = {isa = PBXFileReference; fileEncoding = 4; lastKnownFileType = sourcecode.c.h; path = PDRewardActionAPIService.h; sourceTree = "<group>"; };
		39F5140B1BEA71650027EC62 /* PDRewardActionAPIService.m */ = {isa = PBXFileReference; fileEncoding = 4; lastKnownFileType = sourcecode.c.objc; path = PDRewardActionAPIService.m; sourceTree = "<group>"; };
		39F5140D1BEA745D0027EC62 /* PDFeedAPIService.h */ = {isa = PBXFileReference; fileEncoding = 4; lastKnownFileType = sourcecode.c.h; path = PDFeedAPIService.h; sourceTree = "<group>"; };
		39F5140E1BEA745D0027EC62 /* PDFeedAPIService.m */ = {isa = PBXFileReference; fileEncoding = 4; lastKnownFileType = sourcecode.c.objc; path = PDFeedAPIService.m; sourceTree = "<group>"; };
		63F4E1F058416F172D304096 /* Feeds.json */ = {isa = PBXFileReference; lastKnownFileType = file.json; name = Feeds.json; path = JSON/Feeds.json; sourceTree = "<group>"; };
		90A3A6E75049DAEA657DB4AD /* libPods-PopdeemSDKTests.a */ = {isa = PBXFileReference; explicitFileType = archive.ar; includeInIndex = 0; path = "libPods-PopdeemSDKTests.a"; sourceTree = BUILT_PRODUCTS_DIR; };
		9F6B690FF5C4DB7F2D19E79D /* Pods-PopdeemSDKTests.debug.xcconfig */ = {isa = PBXFileReference; includeInIndex = 1; lastKnownFileType = text.xcconfig; name = "Pods-PopdeemSDKTests.debug.xcconfig"; path = "Pods/Target Support Files/Pods-PopdeemSDKTests/Pods-PopdeemSDKTests.debug.xcconfig"; sourceTree = "<group>"; };
		A7148E7293ED54A945519DA3 /* libPods.a */ = {isa = PBXFileReference; explicitFileType = archive.ar; includeInIndex = 0; path = libPods.a; sourceTree = BUILT_PRODUCTS_DIR; };
		BE04372CD53224E09F2B49A9 /* Pods-PopdeemSDK.debug.xcconfig */ = {isa = PBXFileReference; includeInIndex = 1; lastKnownFileType = text.xcconfig; name = "Pods-PopdeemSDK.debug.xcconfig"; path = "Pods/Target Support Files/Pods-PopdeemSDK/Pods-PopdeemSDK.debug.xcconfig"; sourceTree = "<group>"; };
		D4BBDE704D166B2EC73753A3 /* Pods-PopdeemSDK.release.xcconfig */ = {isa = PBXFileReference; includeInIndex = 1; lastKnownFileType = text.xcconfig; name = "Pods-PopdeemSDK.release.xcconfig"; path = "Pods/Target Support Files/Pods-PopdeemSDK/Pods-PopdeemSDK.release.xcconfig"; sourceTree = "<group>"; };
		E2C76181153169D6ED342DB5 /* Pods-PopdeemSDKTests.release.xcconfig */ = {isa = PBXFileReference; includeInIndex = 1; lastKnownFileType = text.xcconfig; name = "Pods-PopdeemSDKTests.release.xcconfig"; path = "Pods/Target Support Files/Pods-PopdeemSDKTests/Pods-PopdeemSDKTests.release.xcconfig"; sourceTree = "<group>"; };
		E8369B5DD3FF16BCA8E6F86F /* libPods-PopdeemSDK.a */ = {isa = PBXFileReference; explicitFileType = archive.ar; includeInIndex = 0; path = "libPods-PopdeemSDK.a"; sourceTree = BUILT_PRODUCTS_DIR; };
/* End PBXFileReference section */

/* Begin PBXFrameworksBuildPhase section */
		39D7D0621B8F0DCF00E45D0B /* Frameworks */ = {
			isa = PBXFrameworksBuildPhase;
			buildActionMask = 2147483647;
			files = (
				39A772DA1BECB930007ED334 /* libPods-PopdeemSDK.a in Frameworks */,
			);
			runOnlyForDeploymentPostprocessing = 0;
		};
		39D7D06D1B8F0DCF00E45D0B /* Frameworks */ = {
			isa = PBXFrameworksBuildPhase;
			buildActionMask = 2147483647;
			files = (
				391CE04D1BFE0E4700868532 /* libPopdeemSDK.a in Frameworks */,
			);
			runOnlyForDeploymentPostprocessing = 0;
		};
/* End PBXFrameworksBuildPhase section */

/* Begin PBXGroup section */
		3957060B1BFC84050027B3A4 /* APIServiceTests */ = {
			isa = PBXGroup;
			children = (
				391CE04E1BFF274600868532 /* APIServiceTests.m */,
				391CE0481BFE080D00868532 /* UserAPIServiceTests.m */,
				391CE0501BFF27CD00868532 /* SocialAPIServiceTests.m */,
				391CE0521BFF29E800868532 /* LocationAPIServiceTests.m */,
				391CE0561BFF332E00868532 /* BrandAPIServiceTests.m */,
				391CE05A1BFF360300868532 /* RewardAPIServiceTests.m */,
				391CE05E1BFF427400868532 /* WalletAPIServiceTests.m */,
				391CE0601BFF466200868532 /* FeedAPIServiceTests.m */,
			);
			name = APIServiceTests;
			sourceTree = "<group>";
		};
		3957060C1BFC84120027B3A4 /* ModelTests */ = {
			isa = PBXGroup;
			children = (
				391CE0461BFDF8A100868532 /* UserTests.m */,
				39EF92821B8F125D00D16F18 /* RewardTests.m */,
				39EF927E1B8F125D00D16F18 /* LocationTests.m */,
				39EF92781B8F125400D16F18 /* BrandTests.m */,
				39EF92791B8F125400D16F18 /* FeedItemTests.m */,
			);
			name = ModelTests;
			sourceTree = "<group>";
		};
		3974792C1B8F16C30015C661 /* Stores */ = {
			isa = PBXGroup;
			children = (
				3974791D1B8F16980015C661 /* PDBrandStore.h */,
				3974791C1B8F16980015C661 /* PDBrandStore.m */,
				397479171B8F16900015C661 /* PDLocationStore.h */,
				397479121B8F16900015C661 /* PDLocationStore.m */,
				397478FF1B8F167D0015C661 /* PDRewardStore.h */,
				397479011B8F167D0015C661 /* PDRewardStore.m */,
				397478EC1B8F16480015C661 /* PDWallet.h */,
				397478ED1B8F16480015C661 /* PDWallet.m */,
			);
			name = Stores;
			sourceTree = "<group>";
		};
		39C39A121BC5264C007794D7 /* UIKit */ = {
			isa = PBXGroup;
			children = (
				39C39A131BC52659007794D7 /* PDFacebookLoginButton.h */,
				39C39A141BC52659007794D7 /* PDFacebookLoginButton.m */,
			);
			name = UIKit;
			sourceTree = "<group>";
		};
		39D7D05C1B8F0DCF00E45D0B = {
			isa = PBXGroup;
			children = (
				39D7D0671B8F0DCF00E45D0B /* PopdeemSDK */,
				39D7D0741B8F0DCF00E45D0B /* PopdeemSDKTests */,
				39D7D0661B8F0DCF00E45D0B /* Products */,
				5DBE05A8A8516121F073643A /* Pods */,
				4EF69A0328B0579398DD2DED /* Frameworks */,
			);
			sourceTree = "<group>";
		};
		39D7D0661B8F0DCF00E45D0B /* Products */ = {
			isa = PBXGroup;
			children = (
				39D7D0651B8F0DCF00E45D0B /* libPopdeemSDK.a */,
				39D7D0701B8F0DCF00E45D0B /* PopdeemSDKTests.xctest */,
			);
			name = Products;
			sourceTree = "<group>";
		};
		39D7D0671B8F0DCF00E45D0B /* PopdeemSDK */ = {
			isa = PBXGroup;
			children = (
				39C39A121BC5264C007794D7 /* UIKit */,
				3974792C1B8F16C30015C661 /* Stores */,
				397478EF1B8F16530015C661 /* PopdeemSDK.m */,
				397478F01B8F16530015C661 /* PopdeemSDK.h */,
				39EF928E1B8F15AD00D16F18 /* API */,
				39EF92901B8F15B800D16F18 /* Util */,
				39EF928F1B8F15B300D16F18 /* Models */,
				396B2B401BFCC262003D9F25 /* info.plist */,
			);
			path = PopdeemSDK;
			sourceTree = "<group>";
		};
		39D7D0741B8F0DCF00E45D0B /* PopdeemSDKTests */ = {
			isa = PBXGroup;
			children = (
				3957060C1BFC84120027B3A4 /* ModelTests */,
				3957060B1BFC84050027B3A4 /* APIServiceTests */,
				39EF928B1B8F126100D16F18 /* JSON */,
				39EF92801B8F125D00D16F18 /* PopdeemSDKTests.m */,
				39D7D0751B8F0DCF00E45D0B /* Supporting Files */,
			);
			path = PopdeemSDKTests;
			sourceTree = "<group>";
		};
		39D7D0751B8F0DCF00E45D0B /* Supporting Files */ = {
			isa = PBXGroup;
			children = (
				39D7D0761B8F0DCF00E45D0B /* Info.plist */,
			);
			name = "Supporting Files";
			sourceTree = "<group>";
		};
		39EF928B1B8F126100D16F18 /* JSON */ = {
			isa = PBXGroup;
			children = (
				391CE0621BFF468400868532 /* Brand.json */,
				391CE0631BFF468400868532 /* Brands.json */,
				391CE0641BFF468400868532 /* Location.json */,
				391CE0651BFF468400868532 /* Locations.json */,
				391CE0661BFF468400868532 /* PDFeedItem_WithPicture.json */,
				391CE0671BFF468400868532 /* Reward.json */,
				391CE0681BFF468400868532 /* Rewards.json */,
				39EF928C1B8F126F00D16F18 /* User.json */,
				63F4E1F058416F172D304096 /* Feeds.json */,
			);
			name = JSON;
			sourceTree = "<group>";
		};
		39EF928E1B8F15AD00D16F18 /* API */ = {
			isa = PBXGroup;
			children = (
				395706101BFC8BFF0027B3A4 /* PDNetworkError.m */,
				395706111BFC8BFF0027B3A4 /* PDNetworkError.h */,
				39F514101BEA74730027EC62 /* Services */,
				39F513F51BEA521B0027EC62 /* NSURLSession+Popdeem.h */,
				39F513F61BEA521B0027EC62 /* NSURLSession+Popdeem.m */,
				397479291B8F16B50015C661 /* PDAPIClient.h */,
				3974792A1B8F16B50015C661 /* PDAPIClient.m */,
			);
			name = API;
			sourceTree = "<group>";
		};
		39EF928F1B8F15B300D16F18 /* Models */ = {
			isa = PBXGroup;
			children = (
				397479231B8F16AE0015C661 /* PDBrand.h */,
				397479241B8F16AE0015C661 /* PDBrand.m */,
				397479261B8F16AE0015C661 /* PDFeedItem.h */,
				397479251B8F16AE0015C661 /* PDFeedItem.m */,
				397479141B8F16900015C661 /* PDFeeds.h */,
				397479151B8F16900015C661 /* PDFeeds.m */,
				397479181B8F16900015C661 /* PDLocation.h */,
				397479161B8F16900015C661 /* PDLocation.m */,
				397479131B8F16900015C661 /* PDOpeningHoursDay.h */,
				3974790C1B8F16860015C661 /* PDOpeningHoursDay.m */,
				3974790D1B8F16860015C661 /* PDOpeningHoursWeek.h */,
				397479091B8F16860015C661 /* PDOpeningHoursWeek.m */,
				397479081B8F16860015C661 /* PDReward.h */,
				3974790B1B8F16860015C661 /* PDReward.m */,
				397479001B8F167D0015C661 /* PDScores.h */,
				397478FE1B8F167D0015C661 /* PDScores.m */,
				397479021B8F167D0015C661 /* PDSocialMediaFriend.h */,
				397479031B8F167D0015C661 /* PDSocialMediaFriend.m */,
				397478FD1B8F167D0015C661 /* PDUser.h */,
				397478F21B8F16600015C661 /* PDUser.m */,
				397478F51B8F16600015C661 /* PDUser+Facebook.h */,
				397478F31B8F16600015C661 /* PDUser+Facebook.m */,
				397478F41B8F16600015C661 /* PDUserFacebookParams.h */,
				397478F61B8F16600015C661 /* PDUserFacebookParams.m */,
				39AE13AE1BC092450026F466 /* PDUserTwitterParams.h */,
				39AE13AF1BC092450026F466 /* PDUserTwitterParams.m */,
				396EFFF81BDA6C3300C0BAC7 /* PDRewardCustomAvailability.h */,
				396EFFF91BDA6C3300C0BAC7 /* PDRewardCustomAvailability.m */,
				39A772E11BECBE84007ED334 /* PDReferral.h */,
				39A772E21BECBE84007ED334 /* PDReferral.m */,
			);
			name = Models;
			sourceTree = "<group>";
		};
		39EF92901B8F15B800D16F18 /* Util */ = {
			isa = PBXGroup;
			children = (
				3974791F1B8F16A40015C661 /* PDConstants.h */,
				397479211B8F16A40015C661 /* PDConstants.m */,
				397479201B8F16A40015C661 /* PDCommon.h */,
				397478FA1B8F16730015C661 /* PDUtils.m */,
				397478FB1B8F16730015C661 /* PDUtils.h */,
				3974792D1B8F1FC50015C661 /* PDGeolocationManager.h */,
				3974792E1B8F1FC50015C661 /* PDGeolocationManager.m */,
				39DDF0961BB93BE600D779E6 /* PDSocialMediaManager.h */,
				39DDF0971BB93BE600D779E6 /* PDSocialMediaManager.m */,
			);
			name = Util;
			sourceTree = "<group>";
		};
		39F514101BEA74730027EC62 /* Services */ = {
			isa = PBXGroup;
			children = (
				39F513FE1BEA60C10027EC62 /* PDAPIService.h */,
				39F513FF1BEA60C10027EC62 /* PDAPIService.m */,
				39F513E91BEA19A80027EC62 /* PDUserAPIService.h */,
				39F513EA1BEA19A80027EC62 /* PDUserAPIService.m */,
				39F513F81BEA574D0027EC62 /* PDSocialAPIService.h */,
				39F513F91BEA574D0027EC62 /* PDSocialAPIService.m */,
				39F513FB1BEA5EC90027EC62 /* PDLocationAPIService.h */,
				39F513FC1BEA5EC90027EC62 /* PDLocationAPIService.m */,
				39F514011BEA64F60027EC62 /* PDBrandApiService.h */,
				39F514021BEA64F60027EC62 /* PDBrandApiService.m */,
				39F514041BEA671D0027EC62 /* PDRewardAPIService.h */,
				39F514051BEA671D0027EC62 /* PDRewardAPIService.m */,
				39F514071BEA70330027EC62 /* PDWalletAPIService.h */,
				39F514081BEA70330027EC62 /* PDWalletAPIService.m */,
				39F5140A1BEA71650027EC62 /* PDRewardActionAPIService.h */,
				39F5140B1BEA71650027EC62 /* PDRewardActionAPIService.m */,
				39F5140D1BEA745D0027EC62 /* PDFeedAPIService.h */,
				39F5140E1BEA745D0027EC62 /* PDFeedAPIService.m */,
			);
			name = Services;
			sourceTree = "<group>";
		};
		4EF69A0328B0579398DD2DED /* Frameworks */ = {
			isa = PBXGroup;
			children = (
				39A772DB1BECB941007ED334 /* libPods-PopdeemSDKTests.a */,
				39A772D91BECB930007ED334 /* libPods-PopdeemSDK.a */,
				3951C8DE1BDBD29500A5C6B7 /* libPods-PopdeemSDK.a */,
				3951C8DC1BDBD27B00A5C6B7 /* libJSONModel.a */,
				3951C8DA1BDBD22400A5C6B7 /* libPods-PopdeemSDK.a */,
				E8369B5DD3FF16BCA8E6F86F /* libPods-PopdeemSDK.a */,
				90A3A6E75049DAEA657DB4AD /* libPods-PopdeemSDKTests.a */,
				A7148E7293ED54A945519DA3 /* libPods.a */,
			);
			name = Frameworks;
			sourceTree = "<group>";
		};
		5DBE05A8A8516121F073643A /* Pods */ = {
			isa = PBXGroup;
			children = (
				BE04372CD53224E09F2B49A9 /* Pods-PopdeemSDK.debug.xcconfig */,
				D4BBDE704D166B2EC73753A3 /* Pods-PopdeemSDK.release.xcconfig */,
				9F6B690FF5C4DB7F2D19E79D /* Pods-PopdeemSDKTests.debug.xcconfig */,
				E2C76181153169D6ED342DB5 /* Pods-PopdeemSDKTests.release.xcconfig */,
			);
			name = Pods;
			sourceTree = "<group>";
		};
/* End PBXGroup section */

/* Begin PBXNativeTarget section */
		39D7D0641B8F0DCF00E45D0B /* PopdeemSDK */ = {
			isa = PBXNativeTarget;
			buildConfigurationList = 39D7D0791B8F0DCF00E45D0B /* Build configuration list for PBXNativeTarget "PopdeemSDK" */;
			buildPhases = (
				DC27E41D61A1EBEF3CD6DB7A /* Check Pods Manifest.lock */,
				39D7D0611B8F0DCF00E45D0B /* Sources */,
				39D7D0621B8F0DCF00E45D0B /* Frameworks */,
				39D7D0631B8F0DCF00E45D0B /* CopyFiles */,
				7B7F06E745DE584256C8D0B1 /* Copy Pods Resources */,
			);
			buildRules = (
			);
			dependencies = (
			);
			name = PopdeemSDK;
			productName = PopdeemSDK;
			productReference = 39D7D0651B8F0DCF00E45D0B /* libPopdeemSDK.a */;
			productType = "com.apple.product-type.library.static";
		};
		39D7D06F1B8F0DCF00E45D0B /* PopdeemSDKTests */ = {
			isa = PBXNativeTarget;
			buildConfigurationList = 39D7D07C1B8F0DCF00E45D0B /* Build configuration list for PBXNativeTarget "PopdeemSDKTests" */;
			buildPhases = (
				D5C72A9033B689A657046C12 /* Check Pods Manifest.lock */,
				39D7D06C1B8F0DCF00E45D0B /* Sources */,
				39D7D06D1B8F0DCF00E45D0B /* Frameworks */,
				39D7D06E1B8F0DCF00E45D0B /* Resources */,
				88A1A30A1AB100B88A3BF289 /* Copy Pods Resources */,
				A98231D874CEE4DFACCFC815 /* Embed Pods Frameworks */,
			);
			buildRules = (
			);
			dependencies = (
				39D7D0731B8F0DCF00E45D0B /* PBXTargetDependency */,
			);
			name = PopdeemSDKTests;
			productName = PopdeemSDKTests;
			productReference = 39D7D0701B8F0DCF00E45D0B /* PopdeemSDKTests.xctest */;
			productType = "com.apple.product-type.bundle.unit-test";
		};
/* End PBXNativeTarget section */

/* Begin PBXProject section */
		39D7D05D1B8F0DCF00E45D0B /* Project object */ = {
			isa = PBXProject;
			attributes = {
				LastUpgradeCheck = 0700;
				ORGANIZATIONNAME = Popdeem;
				TargetAttributes = {
					39D7D0641B8F0DCF00E45D0B = {
						CreatedOnToolsVersion = 6.4;
					};
					39D7D06F1B8F0DCF00E45D0B = {
						CreatedOnToolsVersion = 6.4;
					};
				};
			};
			buildConfigurationList = 39D7D0601B8F0DCF00E45D0B /* Build configuration list for PBXProject "PopdeemSDK" */;
			compatibilityVersion = "Xcode 3.2";
			developmentRegion = English;
			hasScannedForEncodings = 0;
			knownRegions = (
				en,
				Base,
			);
			mainGroup = 39D7D05C1B8F0DCF00E45D0B;
			productRefGroup = 39D7D0661B8F0DCF00E45D0B /* Products */;
			projectDirPath = "";
			projectRoot = "";
			targets = (
				39D7D0641B8F0DCF00E45D0B /* PopdeemSDK */,
				39D7D06F1B8F0DCF00E45D0B /* PopdeemSDKTests */,
			);
		};
/* End PBXProject section */

/* Begin PBXResourcesBuildPhase section */
		39D7D06E1B8F0DCF00E45D0B /* Resources */ = {
			isa = PBXResourcesBuildPhase;
			buildActionMask = 2147483647;
			files = (
				39EF928D1B8F126F00D16F18 /* User.json in Resources */,
				391CE06E1BFF468400868532 /* Reward.json in Resources */,
				391CE06A1BFF468400868532 /* Brands.json in Resources */,
				391CE06C1BFF468400868532 /* Locations.json in Resources */,
				391CE06F1BFF468400868532 /* Rewards.json in Resources */,
				391CE06D1BFF468400868532 /* PDFeedItem_WithPicture.json in Resources */,
				391CE06B1BFF468400868532 /* Location.json in Resources */,
				391CE0691BFF468400868532 /* Brand.json in Resources */,
				63F4E9B168ED4C923CDFADFB /* Feeds.json in Resources */,
			);
			runOnlyForDeploymentPostprocessing = 0;
		};
/* End PBXResourcesBuildPhase section */

/* Begin PBXShellScriptBuildPhase section */
		7B7F06E745DE584256C8D0B1 /* Copy Pods Resources */ = {
			isa = PBXShellScriptBuildPhase;
			buildActionMask = 2147483647;
			files = (
			);
			inputPaths = (
			);
			name = "Copy Pods Resources";
			outputPaths = (
			);
			runOnlyForDeploymentPostprocessing = 0;
			shellPath = /bin/sh;
			shellScript = "\"${SRCROOT}/Pods/Target Support Files/Pods-PopdeemSDK/Pods-PopdeemSDK-resources.sh\"\n";
			showEnvVarsInLog = 0;
		};
		88A1A30A1AB100B88A3BF289 /* Copy Pods Resources */ = {
			isa = PBXShellScriptBuildPhase;
			buildActionMask = 2147483647;
			files = (
			);
			inputPaths = (
			);
			name = "Copy Pods Resources";
			outputPaths = (
			);
			runOnlyForDeploymentPostprocessing = 0;
			shellPath = /bin/sh;
			shellScript = "\"${SRCROOT}/Pods/Target Support Files/Pods-PopdeemSDKTests/Pods-PopdeemSDKTests-resources.sh\"\n";
			showEnvVarsInLog = 0;
		};
		A98231D874CEE4DFACCFC815 /* Embed Pods Frameworks */ = {
			isa = PBXShellScriptBuildPhase;
			buildActionMask = 2147483647;
			files = (
			);
			inputPaths = (
			);
			name = "Embed Pods Frameworks";
			outputPaths = (
			);
			runOnlyForDeploymentPostprocessing = 0;
			shellPath = /bin/sh;
			shellScript = "\"${SRCROOT}/Pods/Target Support Files/Pods-PopdeemSDKTests/Pods-PopdeemSDKTests-frameworks.sh\"\n";
			showEnvVarsInLog = 0;
		};
		D5C72A9033B689A657046C12 /* Check Pods Manifest.lock */ = {
			isa = PBXShellScriptBuildPhase;
			buildActionMask = 2147483647;
			files = (
			);
			inputPaths = (
			);
			name = "Check Pods Manifest.lock";
			outputPaths = (
			);
			runOnlyForDeploymentPostprocessing = 0;
			shellPath = /bin/sh;
			shellScript = "diff \"${PODS_ROOT}/../Podfile.lock\" \"${PODS_ROOT}/Manifest.lock\" > /dev/null\nif [[ $? != 0 ]] ; then\n    cat << EOM\nerror: The sandbox is not in sync with the Podfile.lock. Run 'pod install' or update your CocoaPods installation.\nEOM\n    exit 1\nfi\n";
			showEnvVarsInLog = 0;
		};
		DC27E41D61A1EBEF3CD6DB7A /* Check Pods Manifest.lock */ = {
			isa = PBXShellScriptBuildPhase;
			buildActionMask = 2147483647;
			files = (
			);
			inputPaths = (
			);
			name = "Check Pods Manifest.lock";
			outputPaths = (
			);
			runOnlyForDeploymentPostprocessing = 0;
			shellPath = /bin/sh;
			shellScript = "diff \"${PODS_ROOT}/../Podfile.lock\" \"${PODS_ROOT}/Manifest.lock\" > /dev/null\nif [[ $? != 0 ]] ; then\n    cat << EOM\nerror: The sandbox is not in sync with the Podfile.lock. Run 'pod install' or update your CocoaPods installation.\nEOM\n    exit 1\nfi\n";
			showEnvVarsInLog = 0;
		};
/* End PBXShellScriptBuildPhase section */

/* Begin PBXSourcesBuildPhase section */
		39D7D0611B8F0DCF00E45D0B /* Sources */ = {
			isa = PBXSourcesBuildPhase;
			buildActionMask = 2147483647;
			files = (
				397479271B8F16AE0015C661 /* PDBrand.m in Sources */,
				3974791E1B8F16980015C661 /* PDBrandStore.m in Sources */,
				39AE13B01BC092450026F466 /* PDUserTwitterParams.m in Sources */,
				3974790F1B8F16860015C661 /* PDOpeningHoursWeek.m in Sources */,
				39F5140F1BEA745D0027EC62 /* PDFeedAPIService.m in Sources */,
				3974792B1B8F16B50015C661 /* PDAPIClient.m in Sources */,
				3974792F1B8F1FC50015C661 /* PDGeolocationManager.m in Sources */,
				3974791A1B8F16900015C661 /* PDFeeds.m in Sources */,
				397479051B8F167E0015C661 /* PDRewardStore.m in Sources */,
				397479191B8F16900015C661 /* PDLocationStore.m in Sources */,
				39F513FD1BEA5EC90027EC62 /* PDLocationAPIService.m in Sources */,
				39F513FA1BEA574E0027EC62 /* PDSocialAPIService.m in Sources */,
				397479281B8F16AE0015C661 /* PDFeedItem.m in Sources */,
				3974791B1B8F16900015C661 /* PDLocation.m in Sources */,
				39F513EB1BEA19A80027EC62 /* PDUserAPIService.m in Sources */,
				39F514091BEA70330027EC62 /* PDWalletAPIService.m in Sources */,
				39F5140C1BEA71650027EC62 /* PDRewardActionAPIService.m in Sources */,
				397478F81B8F16600015C661 /* PDUser+Facebook.m in Sources */,
				397479111B8F16860015C661 /* PDOpeningHoursDay.m in Sources */,
				397478FC1B8F16730015C661 /* PDUtils.m in Sources */,
				397478EE1B8F16480015C661 /* PDWallet.m in Sources */,
				395706121BFC8BFF0027B3A4 /* PDNetworkError.m in Sources */,
				397478F71B8F16600015C661 /* PDUser.m in Sources */,
				39F514061BEA671D0027EC62 /* PDRewardAPIService.m in Sources */,
				397479041B8F167D0015C661 /* PDScores.m in Sources */,
				397478F91B8F16600015C661 /* PDUserFacebookParams.m in Sources */,
				397479221B8F16A40015C661 /* PDConstants.m in Sources */,
				397479061B8F167E0015C661 /* PDSocialMediaFriend.m in Sources */,
				39DDF0981BB93BE600D779E6 /* PDSocialMediaManager.m in Sources */,
				39F514001BEA60C10027EC62 /* PDAPIService.m in Sources */,
				39F514031BEA64F60027EC62 /* PDBrandApiService.m in Sources */,
				39F513F71BEA521B0027EC62 /* NSURLSession+Popdeem.m in Sources */,
				39C39A151BC52659007794D7 /* PDFacebookLoginButton.m in Sources */,
				397479101B8F16860015C661 /* PDReward.m in Sources */,
				396EFFFA1BDA6C3300C0BAC7 /* PDRewardCustomAvailability.m in Sources */,
				397478F11B8F16530015C661 /* PopdeemSDK.m in Sources */,
				39A772E31BECBE84007ED334 /* PDReferral.m in Sources */,
			);
			runOnlyForDeploymentPostprocessing = 0;
		};
		39D7D06C1B8F0DCF00E45D0B /* Sources */ = {
			isa = PBXSourcesBuildPhase;
			buildActionMask = 2147483647;
			files = (
				39EF927C1B8F125400D16F18 /* FeedItemTests.m in Sources */,
				391CE05B1BFF360300868532 /* RewardAPIServiceTests.m in Sources */,
				39EF92851B8F125D00D16F18 /* LocationTests.m in Sources */,
				391CE04F1BFF274600868532 /* APIServiceTests.m in Sources */,
				391CE0611BFF466200868532 /* FeedAPIServiceTests.m in Sources */,
				391CE0471BFDF8A100868532 /* UserTests.m in Sources */,
				391CE0491BFE080D00868532 /* UserAPIServiceTests.m in Sources */,
				391CE05F1BFF427400868532 /* WalletAPIServiceTests.m in Sources */,
				39EF92891B8F125D00D16F18 /* RewardTests.m in Sources */,
				39EF927B1B8F125400D16F18 /* BrandTests.m in Sources */,
				39EF92871B8F125D00D16F18 /* PopdeemSDKTests.m in Sources */,
				391CE0511BFF27CD00868532 /* SocialAPIServiceTests.m in Sources */,
				391CE0531BFF29E800868532 /* LocationAPIServiceTests.m in Sources */,
				391CE0571BFF332E00868532 /* BrandAPIServiceTests.m in Sources */,
			);
			runOnlyForDeploymentPostprocessing = 0;
		};
/* End PBXSourcesBuildPhase section */

/* Begin PBXTargetDependency section */
		39D7D0731B8F0DCF00E45D0B /* PBXTargetDependency */ = {
			isa = PBXTargetDependency;
			target = 39D7D0641B8F0DCF00E45D0B /* PopdeemSDK */;
			targetProxy = 39D7D0721B8F0DCF00E45D0B /* PBXContainerItemProxy */;
		};
/* End PBXTargetDependency section */

/* Begin XCBuildConfiguration section */
		391CE04A1BFE0D2A00868532 /* Testing */ = {
			isa = XCBuildConfiguration;
			buildSettings = {
				ALWAYS_SEARCH_USER_PATHS = NO;
				CLANG_ALLOW_NON_MODULAR_INCLUDES_IN_FRAMEWORK_MODULES = YES;
				CLANG_CXX_LANGUAGE_STANDARD = "gnu++0x";
				CLANG_CXX_LIBRARY = "libc++";
				CLANG_ENABLE_MODULES = YES;
				CLANG_ENABLE_OBJC_ARC = YES;
				CLANG_WARN_BOOL_CONVERSION = YES;
				CLANG_WARN_CONSTANT_CONVERSION = YES;
				CLANG_WARN_DIRECT_OBJC_ISA_USAGE = YES_ERROR;
				CLANG_WARN_EMPTY_BODY = YES;
				CLANG_WARN_ENUM_CONVERSION = YES;
				CLANG_WARN_INT_CONVERSION = YES;
				CLANG_WARN_OBJC_ROOT_CLASS = YES_ERROR;
				CLANG_WARN_UNREACHABLE_CODE = YES;
				CLANG_WARN__DUPLICATE_METHOD_MATCH = YES;
				COPY_PHASE_STRIP = NO;
				DEBUG_INFORMATION_FORMAT = "dwarf-with-dsym";
				ENABLE_STRICT_OBJC_MSGSEND = YES;
				ENABLE_TESTABILITY = YES;
				GCC_C_LANGUAGE_STANDARD = gnu99;
				GCC_DYNAMIC_NO_PIC = NO;
				GCC_NO_COMMON_BLOCKS = YES;
				GCC_OPTIMIZATION_LEVEL = 0;
				GCC_PREPROCESSOR_DEFINITIONS = (
					"DEBUG=1",
					"$(inherited)",
				);
				GCC_SYMBOLS_PRIVATE_EXTERN = NO;
				GCC_WARN_64_TO_32_BIT_CONVERSION = YES;
				GCC_WARN_ABOUT_RETURN_TYPE = YES_ERROR;
				GCC_WARN_UNDECLARED_SELECTOR = YES;
				GCC_WARN_UNINITIALIZED_AUTOS = YES_AGGRESSIVE;
				GCC_WARN_UNUSED_FUNCTION = YES;
				GCC_WARN_UNUSED_VARIABLE = YES;
				IPHONEOS_DEPLOYMENT_TARGET = 7.1;
				MTL_ENABLE_DEBUG_INFO = YES;
				ONLY_ACTIVE_ARCH = YES;
				SDKROOT = iphoneos;
			};
			name = Testing;
		};
		391CE04B1BFE0D2A00868532 /* Testing */ = {
			isa = XCBuildConfiguration;
			baseConfigurationReference = BE04372CD53224E09F2B49A9 /* Pods-PopdeemSDK.debug.xcconfig */;
			buildSettings = {
				GCC_PREPROCESSOR_DEFINITIONS = (
					"$(inherited)",
					"COCOAPODS=1",
					"TESTING=1",
				);
				LIBRARY_SEARCH_PATHS = (
					"$(inherited)",
					"$(PROJECT_DIR)/build/Debug-iphoneos",
				);
				OTHER_LDFLAGS = (
					"-ObjC",
					"$(inherited)",
				);
				PRODUCT_NAME = "$(TARGET_NAME)";
				SKIP_INSTALL = YES;
			};
			name = Testing;
		};
		391CE04C1BFE0D2A00868532 /* Testing */ = {
			isa = XCBuildConfiguration;
			baseConfigurationReference = 9F6B690FF5C4DB7F2D19E79D /* Pods-PopdeemSDKTests.debug.xcconfig */;
			buildSettings = {
				"CODE_SIGN_IDENTITY[sdk=iphoneos*]" = "iPhone Developer";
				FRAMEWORK_SEARCH_PATHS = (
					"$(SDKROOT)/Developer/Library/Frameworks",
					"$(inherited)",
				);
				GCC_PREPROCESSOR_DEFINITIONS = (
					"DEBUG=1",
					"$(inherited)",
				);
				INFOPLIST_FILE = PopdeemSDKTests/Info.plist;
				LD_RUNPATH_SEARCH_PATHS = "$(inherited) @executable_path/Frameworks @loader_path/Frameworks";
				LIBRARY_SEARCH_PATHS = (
					"$(inherited)",
					"$(PROJECT_DIR)/build/Debug-iphoneos",
				);
				OTHER_LDFLAGS = (
					"$(inherited)",
					"-ObjC",
					"-l\"Bolts\"",
					"-l\"FBSDKCoreKit\"",
					"-l\"FBSDKLoginKit\"",
					"-l\"FBSDKShareKit\"",
					"-l\"JSONModel\"",
					"-l\"STTwitter\"",
					"-framework",
					"\"Accounts\"",
					"-framework",
					"\"CoreGraphics\"",
					"-framework",
					"\"Foundation\"",
					"-framework",
					"\"QuartzCore\"",
					"-framework",
					"\"Twitter\"",
					"-framework",
					"\"UIKit\"",
					"-framework",
					"\"XCTest\"",
					"-weak_framework",
					"\"Accounts\"",
					"-weak_framework",
					"\"AudioToolbox\"",
					"-weak_framework",
					"\"CoreGraphics\"",
					"-weak_framework",
					"\"CoreLocation\"",
					"-weak_framework",
					"\"Foundation\"",
					"-weak_framework",
					"\"QuartzCore\"",
					"-weak_framework",
					"\"Security\"",
					"-weak_framework",
					"\"Social\"",
					"-Objc",
					"-framework",
					XCTest,
					"-weak_framework",
					"\"UIKit\"",
				);
				PRODUCT_BUNDLE_IDENTIFIER = "com.Popdeem.$(PRODUCT_NAME:rfc1034identifier)";
				PRODUCT_NAME = "$(TARGET_NAME)";
			};
			name = Testing;
		};
		39D7D0771B8F0DCF00E45D0B /* Debug */ = {
			isa = XCBuildConfiguration;
			buildSettings = {
				ALWAYS_SEARCH_USER_PATHS = NO;
				CLANG_ALLOW_NON_MODULAR_INCLUDES_IN_FRAMEWORK_MODULES = YES;
				CLANG_CXX_LANGUAGE_STANDARD = "gnu++0x";
				CLANG_CXX_LIBRARY = "libc++";
				CLANG_ENABLE_MODULES = YES;
				CLANG_ENABLE_OBJC_ARC = YES;
				CLANG_WARN_BOOL_CONVERSION = YES;
				CLANG_WARN_CONSTANT_CONVERSION = YES;
				CLANG_WARN_DIRECT_OBJC_ISA_USAGE = YES_ERROR;
				CLANG_WARN_EMPTY_BODY = YES;
				CLANG_WARN_ENUM_CONVERSION = YES;
				CLANG_WARN_INT_CONVERSION = YES;
				CLANG_WARN_OBJC_ROOT_CLASS = YES_ERROR;
				CLANG_WARN_UNREACHABLE_CODE = YES;
				CLANG_WARN__DUPLICATE_METHOD_MATCH = YES;
				COPY_PHASE_STRIP = NO;
				DEBUG_INFORMATION_FORMAT = "dwarf-with-dsym";
				ENABLE_STRICT_OBJC_MSGSEND = YES;
				ENABLE_TESTABILITY = YES;
				GCC_C_LANGUAGE_STANDARD = gnu99;
				GCC_DYNAMIC_NO_PIC = NO;
				GCC_NO_COMMON_BLOCKS = YES;
				GCC_OPTIMIZATION_LEVEL = 0;
				GCC_PREPROCESSOR_DEFINITIONS = (
					"DEBUG=1",
					"$(inherited)",
				);
				GCC_SYMBOLS_PRIVATE_EXTERN = NO;
				GCC_WARN_64_TO_32_BIT_CONVERSION = YES;
				GCC_WARN_ABOUT_RETURN_TYPE = YES_ERROR;
				GCC_WARN_UNDECLARED_SELECTOR = YES;
				GCC_WARN_UNINITIALIZED_AUTOS = YES_AGGRESSIVE;
				GCC_WARN_UNUSED_FUNCTION = YES;
				GCC_WARN_UNUSED_VARIABLE = YES;
				IPHONEOS_DEPLOYMENT_TARGET = 7.1;
				MTL_ENABLE_DEBUG_INFO = YES;
				ONLY_ACTIVE_ARCH = YES;
				SDKROOT = iphoneos;
			};
			name = Debug;
		};
		39D7D0781B8F0DCF00E45D0B /* Release */ = {
			isa = XCBuildConfiguration;
			buildSettings = {
				ALWAYS_SEARCH_USER_PATHS = NO;
				CLANG_ALLOW_NON_MODULAR_INCLUDES_IN_FRAMEWORK_MODULES = YES;
				CLANG_CXX_LANGUAGE_STANDARD = "gnu++0x";
				CLANG_CXX_LIBRARY = "libc++";
				CLANG_ENABLE_MODULES = YES;
				CLANG_ENABLE_OBJC_ARC = YES;
				CLANG_WARN_BOOL_CONVERSION = YES;
				CLANG_WARN_CONSTANT_CONVERSION = YES;
				CLANG_WARN_DIRECT_OBJC_ISA_USAGE = YES_ERROR;
				CLANG_WARN_EMPTY_BODY = YES;
				CLANG_WARN_ENUM_CONVERSION = YES;
				CLANG_WARN_INT_CONVERSION = YES;
				CLANG_WARN_OBJC_ROOT_CLASS = YES_ERROR;
				CLANG_WARN_UNREACHABLE_CODE = YES;
				CLANG_WARN__DUPLICATE_METHOD_MATCH = YES;
				COPY_PHASE_STRIP = NO;
				DEBUG_INFORMATION_FORMAT = "dwarf-with-dsym";
				ENABLE_NS_ASSERTIONS = NO;
				ENABLE_STRICT_OBJC_MSGSEND = YES;
				GCC_C_LANGUAGE_STANDARD = gnu99;
				GCC_NO_COMMON_BLOCKS = YES;
				GCC_WARN_64_TO_32_BIT_CONVERSION = YES;
				GCC_WARN_ABOUT_RETURN_TYPE = YES_ERROR;
				GCC_WARN_UNDECLARED_SELECTOR = YES;
				GCC_WARN_UNINITIALIZED_AUTOS = YES_AGGRESSIVE;
				GCC_WARN_UNUSED_FUNCTION = YES;
				GCC_WARN_UNUSED_VARIABLE = YES;
				IPHONEOS_DEPLOYMENT_TARGET = 7.1;
				MTL_ENABLE_DEBUG_INFO = NO;
				ONLY_ACTIVE_ARCH = YES;
				SDKROOT = iphoneos;
				VALIDATE_PRODUCT = YES;
			};
			name = Release;
		};
		39D7D07A1B8F0DCF00E45D0B /* Debug */ = {
			isa = XCBuildConfiguration;
			baseConfigurationReference = BE04372CD53224E09F2B49A9 /* Pods-PopdeemSDK.debug.xcconfig */;
			buildSettings = {
				LIBRARY_SEARCH_PATHS = (
					"$(inherited)",
					"$(PROJECT_DIR)/build/Debug-iphoneos",
				);
				OTHER_LDFLAGS = (
					"-ObjC",
					"$(inherited)",
				);
				PRODUCT_NAME = "$(TARGET_NAME)";
				SKIP_INSTALL = YES;
			};
			name = Debug;
		};
		39D7D07B1B8F0DCF00E45D0B /* Release */ = {
			isa = XCBuildConfiguration;
			baseConfigurationReference = D4BBDE704D166B2EC73753A3 /* Pods-PopdeemSDK.release.xcconfig */;
			buildSettings = {
				LIBRARY_SEARCH_PATHS = (
					"$(inherited)",
					"$(PROJECT_DIR)/build/Debug-iphoneos",
				);
				OTHER_LDFLAGS = (
					"-ObjC",
					"$(inherited)",
				);
				PRODUCT_NAME = "$(TARGET_NAME)";
				SKIP_INSTALL = YES;
			};
			name = Release;
		};
		39D7D07D1B8F0DCF00E45D0B /* Debug */ = {
			isa = XCBuildConfiguration;
			baseConfigurationReference = 9F6B690FF5C4DB7F2D19E79D /* Pods-PopdeemSDKTests.debug.xcconfig */;
			buildSettings = {
				"CODE_SIGN_IDENTITY[sdk=iphoneos*]" = "iPhone Developer";
				FRAMEWORK_SEARCH_PATHS = (
					"$(SDKROOT)/Developer/Library/Frameworks",
					"$(inherited)",
				);
				GCC_PREPROCESSOR_DEFINITIONS = (
					"DEBUG=1",
					"$(inherited)",
				);
				INFOPLIST_FILE = PopdeemSDKTests/Info.plist;
				LD_RUNPATH_SEARCH_PATHS = "$(inherited) @executable_path/Frameworks @loader_path/Frameworks";
				LIBRARY_SEARCH_PATHS = (
					"$(inherited)",
					"$(PROJECT_DIR)/build/Debug-iphoneos",
				);
				OTHER_LDFLAGS = (
					"$(inherited)",
					"-ObjC",
					"-l\"Bolts\"",
					"-l\"FBSDKCoreKit\"",
					"-l\"FBSDKLoginKit\"",
					"-l\"FBSDKShareKit\"",
					"-l\"JSONModel\"",
					"-l\"STTwitter\"",
					"-framework",
					"\"Accounts\"",
					"-framework",
					"\"CoreGraphics\"",
					"-framework",
					"\"Foundation\"",
					"-framework",
					"\"QuartzCore\"",
					"-framework",
					"\"Twitter\"",
					"-framework",
					"\"UIKit\"",
					"-framework",
					"\"XCTest\"",
					"-weak_framework",
					"\"Accounts\"",
					"-weak_framework",
					"\"AudioToolbox\"",
					"-weak_framework",
					"\"CoreGraphics\"",
					"-weak_framework",
					"\"CoreLocation\"",
					"-weak_framework",
					"\"Foundation\"",
					"-weak_framework",
					"\"QuartzCore\"",
					"-weak_framework",
					"\"Security\"",
					"-weak_framework",
					"\"Social\"",
					"-Objc",
					"-framework",
					XCTest,
					"-weak_framework",
					"\"UIKit\"",
				);
				PRODUCT_BUNDLE_IDENTIFIER = "com.Popdeem.$(PRODUCT_NAME:rfc1034identifier)";
				PRODUCT_NAME = "$(TARGET_NAME)";
			};
			name = Debug;
		};
		39D7D07E1B8F0DCF00E45D0B /* Release */ = {
			isa = XCBuildConfiguration;
			baseConfigurationReference = E2C76181153169D6ED342DB5 /* Pods-PopdeemSDKTests.release.xcconfig */;
			buildSettings = {
				"CODE_SIGN_IDENTITY[sdk=iphoneos*]" = "iPhone Developer";
				FRAMEWORK_SEARCH_PATHS = (
					"$(SDKROOT)/Developer/Library/Frameworks",
					"$(inherited)",
				);
				INFOPLIST_FILE = PopdeemSDKTests/Info.plist;
				LD_RUNPATH_SEARCH_PATHS = "$(inherited) @executable_path/Frameworks @loader_path/Frameworks";
				LIBRARY_SEARCH_PATHS = (
					"$(inherited)",
					"$(PROJECT_DIR)/build/Debug-iphoneos",
				);
				OTHER_LDFLAGS = (
					"$(inherited)",
					"-ObjC",
					"-l\"Bolts\"",
					"-l\"FBSDKCoreKit\"",
					"-l\"FBSDKLoginKit\"",
					"-l\"FBSDKShareKit\"",
					"-l\"JSONModel\"",
					"-l\"STTwitter\"",
					"-framework",
					"\"Accounts\"",
					"-framework",
					"\"CoreGraphics\"",
					"-framework",
					"\"Foundation\"",
					"-framework",
					"\"QuartzCore\"",
					"-framework",
					"\"Twitter\"",
					"-framework",
					"\"UIKit\"",
					"-weak_framework",
					"\"Accounts\"",
					"-weak_framework",
					"\"AudioToolbox\"",
					"-weak_framework",
					"\"CoreGraphics\"",
					"-weak_framework",
					"\"CoreLocation\"",
					"-weak_framework",
					"\"Foundation\"",
					"-weak_framework",
					"\"QuartzCore\"",
					"-weak_framework",
					"\"Security\"",
					"-weak_framework",
					"\"Social\"",
					"-weak_framework",
					"\"UIKit\"",
					XCTest,
				);
				PRODUCT_BUNDLE_IDENTIFIER = "com.Popdeem.$(PRODUCT_NAME:rfc1034identifier)";
				PRODUCT_NAME = "$(TARGET_NAME)";
			};
			name = Release;
		};
/* End XCBuildConfiguration section */

/* Begin XCConfigurationList section */
		39D7D0601B8F0DCF00E45D0B /* Build configuration list for PBXProject "PopdeemSDK" */ = {
			isa = XCConfigurationList;
			buildConfigurations = (
				39D7D0771B8F0DCF00E45D0B /* Debug */,
				391CE04A1BFE0D2A00868532 /* Testing */,
				39D7D0781B8F0DCF00E45D0B /* Release */,
			);
			defaultConfigurationIsVisible = 0;
			defaultConfigurationName = Release;
		};
		39D7D0791B8F0DCF00E45D0B /* Build configuration list for PBXNativeTarget "PopdeemSDK" */ = {
			isa = XCConfigurationList;
			buildConfigurations = (
				39D7D07A1B8F0DCF00E45D0B /* Debug */,
				391CE04B1BFE0D2A00868532 /* Testing */,
				39D7D07B1B8F0DCF00E45D0B /* Release */,
			);
			defaultConfigurationIsVisible = 0;
			defaultConfigurationName = Release;
		};
		39D7D07C1B8F0DCF00E45D0B /* Build configuration list for PBXNativeTarget "PopdeemSDKTests" */ = {
			isa = XCConfigurationList;
			buildConfigurations = (
				39D7D07D1B8F0DCF00E45D0B /* Debug */,
				391CE04C1BFE0D2A00868532 /* Testing */,
				39D7D07E1B8F0DCF00E45D0B /* Release */,
			);
			defaultConfigurationIsVisible = 0;
			defaultConfigurationName = Release;
		};
/* End XCConfigurationList section */
	};
	rootObject = 39D7D05D1B8F0DCF00E45D0B /* Project object */;
}
